// !$*UTF8*$!
{
	archiveVersion = 1;
	classes = {
	};
	objectVersion = 46;
	objects = {

/* Begin PBXBuildFile section */
		1D8DC47A1E39EBA600EAE3A2 /* still time.ttf in Resources */ = {isa = PBXBuildFile; fileRef = 1D8DC4791E39EBA600EAE3A2 /* still time.ttf */; };
		1D8DC47E1E39ECB400EAE3A2 /* VideoVC.swift in Sources */ = {isa = PBXBuildFile; fileRef = 1D8DC47D1E39ECB400EAE3A2 /* VideoVC.swift */; };
		1D8DC4821E39EF1800EAE3A2 /* PartyCell.swift in Sources */ = {isa = PBXBuildFile; fileRef = 1D8DC4811E39EF1800EAE3A2 /* PartyCell.swift */; };
		1D8DC4841E39F0B600EAE3A2 /* PartyRock.swift in Sources */ = {isa = PBXBuildFile; fileRef = 1D8DC4831E39F0B600EAE3A2 /* PartyRock.swift */; };
		1D9D76361E386FC80013AB5A /* AppDelegate.swift in Sources */ = {isa = PBXBuildFile; fileRef = 1D9D76351E386FC80013AB5A /* AppDelegate.swift */; };
		1D9D76381E386FC80013AB5A /* MainVC.swift in Sources */ = {isa = PBXBuildFile; fileRef = 1D9D76371E386FC80013AB5A /* MainVC.swift */; };
		1D9D763B1E386FC80013AB5A /* Main.storyboard in Resources */ = {isa = PBXBuildFile; fileRef = 1D9D76391E386FC80013AB5A /* Main.storyboard */; };
		1D9D763D1E386FC80013AB5A /* Assets.xcassets in Resources */ = {isa = PBXBuildFile; fileRef = 1D9D763C1E386FC80013AB5A /* Assets.xcassets */; };
		1D9D76401E386FC80013AB5A /* LaunchScreen.storyboard in Resources */ = {isa = PBXBuildFile; fileRef = 1D9D763E1E386FC80013AB5A /* LaunchScreen.storyboard */; };
/* End PBXBuildFile section */

/* Begin PBXFileReference section */
		1D8DC4791E39EBA600EAE3A2 /* still time.ttf */ = {isa = PBXFileReference; lastKnownFileType = file; path = "still time.ttf"; sourceTree = "<group>"; };
		1D8DC47D1E39ECB400EAE3A2 /* VideoVC.swift */ = {isa = PBXFileReference; fileEncoding = 4; lastKnownFileType = sourcecode.swift; path = VideoVC.swift; sourceTree = "<group>"; };
		1D8DC4811E39EF1800EAE3A2 /* PartyCell.swift */ = {isa = PBXFileReference; fileEncoding = 4; lastKnownFileType = sourcecode.swift; path = PartyCell.swift; sourceTree = "<group>"; };
		1D8DC4831E39F0B600EAE3A2 /* PartyRock.swift */ = {isa = PBXFileReference; fileEncoding = 4; lastKnownFileType = sourcecode.swift; path = PartyRock.swift; sourceTree = "<group>"; };
		1D9D76321E386FC80013AB5A /* PartyRockApp.app */ = {isa = PBXFileReference; explicitFileType = wrapper.application; includeInIndex = 0; path = PartyRockApp.app; sourceTree = BUILT_PRODUCTS_DIR; };
		1D9D76351E386FC80013AB5A /* AppDelegate.swift */ = {isa = PBXFileReference; lastKnownFileType = sourcecode.swift; path = AppDelegate.swift; sourceTree = "<group>"; };
		1D9D76371E386FC80013AB5A /* MainVC.swift */ = {isa = PBXFileReference; lastKnownFileType = sourcecode.swift; path = MainVC.swift; sourceTree = "<group>"; };
		1D9D763A1E386FC80013AB5A /* Base */ = {isa = PBXFileReference; lastKnownFileType = file.storyboard; name = Base; path = Base.lproj/Main.storyboard; sourceTree = "<group>"; };
		1D9D763C1E386FC80013AB5A /* Assets.xcassets */ = {isa = PBXFileReference; lastKnownFileType = folder.assetcatalog; path = Assets.xcassets; sourceTree = "<group>"; };
		1D9D763F1E386FC80013AB5A /* Base */ = {isa = PBXFileReference; lastKnownFileType = file.storyboard; name = Base; path = Base.lproj/LaunchScreen.storyboard; sourceTree = "<group>"; };
		1D9D76411E386FC80013AB5A /* Info.plist */ = {isa = PBXFileReference; lastKnownFileType = text.plist.xml; path = Info.plist; sourceTree = "<group>"; };
/* End PBXFileReference section */

/* Begin PBXFrameworksBuildPhase section */
		1D9D762F1E386FC70013AB5A /* Frameworks */ = {
			isa = PBXFrameworksBuildPhase;
			buildActionMask = 2147483647;
			files = (
			);
			runOnlyForDeploymentPostprocessing = 0;
		};
/* End PBXFrameworksBuildPhase section */

/* Begin PBXGroup section */
		1D8DC47B1E39EBAD00EAE3A2 /* Files */ = {
			isa = PBXGroup;
			children = (
				1D8DC4791E39EBA600EAE3A2 /* still time.ttf */,
			);
			name = Files;
			sourceTree = "<group>";
		};
		1D8DC47C1E39EBB500EAE3A2 /* View */ = {
			isa = PBXGroup;
			children = (
				1D8DC4811E39EF1800EAE3A2 /* PartyCell.swift */,
			);
			name = View;
			sourceTree = "<group>";
		};
		1D9D76291E386FC70013AB5A = {
			isa = PBXGroup;
			children = (
				1D9D76341E386FC80013AB5A /* PartyRockApp */,
				1D9D76331E386FC80013AB5A /* Products */,
			);
			sourceTree = "<group>";
		};
		1D9D76331E386FC80013AB5A /* Products */ = {
			isa = PBXGroup;
			children = (
				1D9D76321E386FC80013AB5A /* PartyRockApp.app */,
			);
			name = Products;
			sourceTree = "<group>";
		};
		1D9D76341E386FC80013AB5A /* PartyRockApp */ = {
			isa = PBXGroup;
			children = (
				1D8DC47B1E39EBAD00EAE3A2 /* Files */,
				1D9D76481E3870700013AB5A /* Model */,
				1D8DC47C1E39EBB500EAE3A2 /* View */,
				1D9D76471E38704D0013AB5A /* Controller */,
				1D9D76351E386FC80013AB5A /* AppDelegate.swift */,
				1D9D76391E386FC80013AB5A /* Main.storyboard */,
				1D9D763C1E386FC80013AB5A /* Assets.xcassets */,
				1D9D763E1E386FC80013AB5A /* LaunchScreen.storyboard */,
				1D9D76411E386FC80013AB5A /* Info.plist */,
			);
			path = PartyRockApp;
			sourceTree = "<group>";
		};
		1D9D76471E38704D0013AB5A /* Controller */ = {
			isa = PBXGroup;
			children = (
				1D9D76371E386FC80013AB5A /* MainVC.swift */,
				1D8DC47D1E39ECB400EAE3A2 /* VideoVC.swift */,
			);
			name = Controller;
			sourceTree = "<group>";
		};
		1D9D76481E3870700013AB5A /* Model */ = {
			isa = PBXGroup;
			children = (
				1D8DC4831E39F0B600EAE3A2 /* PartyRock.swift */,
			);
			name = Model;
			sourceTree = "<group>";
		};
/* End PBXGroup section */

/* Begin PBXNativeTarget section */
		1D9D76311E386FC70013AB5A /* PartyRockApp */ = {
			isa = PBXNativeTarget;
			buildConfigurationList = 1D9D76441E386FC80013AB5A /* Build configuration list for PBXNativeTarget "PartyRockApp" */;
			buildPhases = (
				1D9D762E1E386FC70013AB5A /* Sources */,
				1D9D762F1E386FC70013AB5A /* Frameworks */,
				1D9D76301E386FC70013AB5A /* Resources */,
			);
			buildRules = (
			);
			dependencies = (
			);
			name = PartyRockApp;
			productName = PartyRockApp;
			productReference = 1D9D76321E386FC80013AB5A /* PartyRockApp.app */;
			productType = "com.apple.product-type.application";
		};
/* End PBXNativeTarget section */

/* Begin PBXProject section */
		1D9D762A1E386FC70013AB5A /* Project object */ = {
			isa = PBXProject;
			attributes = {
				LastSwiftUpdateCheck = 0820;
				LastUpgradeCheck = 0820;
				ORGANIZATIONNAME = "Header-Development";
				TargetAttributes = {
					1D9D76311E386FC70013AB5A = {
						CreatedOnToolsVersion = 8.2.1;
						DevelopmentTeam = VXEFFCJU33;
						ProvisioningStyle = Automatic;
					};
				};
			};
			buildConfigurationList = 1D9D762D1E386FC70013AB5A /* Build configuration list for PBXProject "PartyRockApp" */;
			compatibilityVersion = "Xcode 3.2";
			developmentRegion = English;
			hasScannedForEncodings = 0;
			knownRegions = (
				en,
				Base,
			);
			mainGroup = 1D9D76291E386FC70013AB5A;
			productRefGroup = 1D9D76331E386FC80013AB5A /* Products */;
			projectDirPath = "";
			projectRoot = "";
			targets = (
				1D9D76311E386FC70013AB5A /* PartyRockApp */,
			);
		};
/* End PBXProject section */

/* Begin PBXResourcesBuildPhase section */
		1D9D76301E386FC70013AB5A /* Resources */ = {
			isa = PBXResourcesBuildPhase;
			buildActionMask = 2147483647;
			files = (
				1D9D76401E386FC80013AB5A /* LaunchScreen.storyboard in Resources */,
				1D8DC47A1E39EBA600EAE3A2 /* still time.ttf in Resources */,
				1D9D763D1E386FC80013AB5A /* Assets.xcassets in Resources */,
				1D9D763B1E386FC80013AB5A /* Main.storyboard in Resources */,
			);
			runOnlyForDeploymentPostprocessing = 0;
		};
/* End PBXResourcesBuildPhase section */

/* Begin PBXSourcesBuildPhase section */
		1D9D762E1E386FC70013AB5A /* Sources */ = {
			isa = PBXSourcesBuildPhase;
			buildActionMask = 2147483647;
			files = (
				1D8DC47E1E39ECB400EAE3A2 /* VideoVC.swift in Sources */,
				1D9D76381E386FC80013AB5A /* MainVC.swift in Sources */,
				1D8DC4841E39F0B600EAE3A2 /* PartyRock.swift in Sources */,
				1D8DC4821E39EF1800EAE3A2 /* PartyCell.swift in Sources */,
				1D9D76361E386FC80013AB5A /* AppDelegate.swift in Sources */,
			);
			runOnlyForDeploymentPostprocessing = 0;
		};
/* End PBXSourcesBuildPhase section */

/* Begin PBXVariantGroup section */
		1D9D76391E386FC80013AB5A /* Main.storyboard */ = {
			isa = PBXVariantGroup;
			children = (
				1D9D763A1E386FC80013AB5A /* Base */,
			);
			name = Main.storyboard;
			sourceTree = "<group>";
		};
		1D9D763E1E386FC80013AB5A /* LaunchScreen.storyboard */ = {
			isa = PBXVariantGroup;
			children = (
				1D9D763F1E386FC80013AB5A /* Base */,
			);
			name = LaunchScreen.storyboard;
			sourceTree = "<group>";
		};
/* End PBXVariantGroup section */

/* Begin XCBuildConfiguration section */
		1D9D76421E386FC80013AB5A /* Debug */ = {
			isa = XCBuildConfiguration;
			buildSettings = {
				ALWAYS_SEARCH_USER_PATHS = NO;
				CLANG_ANALYZER_NONNULL = YES;
				CLANG_CXX_LANGUAGE_STANDARD = "gnu++0x";
				CLANG_CXX_LIBRARY = "libc++";
				CLANG_ENABLE_MODULES = YES;
				CLANG_ENABLE_OBJC_ARC = YES;
				CLANG_WARN_BOOL_CONVERSION = YES;
				CLANG_WARN_CONSTANT_CONVERSION = YES;
				CLANG_WARN_DIRECT_OBJC_ISA_USAGE = YES_ERROR;
				CLANG_WARN_DOCUMENTATION_COMMENTS = YES;
				CLANG_WARN_EMPTY_BODY = YES;
				CLANG_WARN_ENUM_CONVERSION = YES;
				CLANG_WARN_INFINITE_RECURSION = YES;
				CLANG_WARN_INT_CONVERSION = YES;
				CLANG_WARN_OBJC_ROOT_CLASS = YES_ERROR;
				CLANG_WARN_SUSPICIOUS_MOVE = YES;
				CLANG_WARN_UNREACHABLE_CODE = YES;
				CLANG_WARN__DUPLICATE_METHOD_MATCH = YES;
				"CODE_SIGN_IDENTITY[sdk=iphoneos*]" = "iPhone Developer";
				COPY_PHASE_STRIP = NO;
				DEBUG_INFORMATION_FORMAT = dwarf;
				ENABLE_STRICT_OBJC_MSGSEND = YES;
				ENABLE_TESTABILITY = YES;
				GCC_C_LANGUAGE_STANDARD = gnu99;
				GCC_DYNAMIC_NO_PIC = NO;
				GCC_NO_COMMON_BLOCKS = YES;
				GCC_OPTIMIZATION_LEVEL = 0;
				GCC_PREPROCESSOR_DEFINITIONS = (
					"DEBUG=1",
					"$(inherited)",
				);
				GCC_WARN_64_TO_32_BIT_CONVERSION = YES;
				GCC_WARN_ABOUT_RETURN_TYPE = YES_ERROR;
				GCC_WARN_UNDECLARED_SELECTOR = YES;
				GCC_WARN_UNINITIALIZED_AUTOS = YES_AGGRESSIVE;
				GCC_WARN_UNUSED_FUNCTION = YES;
				GCC_WARN_UNUSED_VARIABLE = YES;
				IPHONEOS_DEPLOYMENT_TARGET = 10.2;
				MTL_ENABLE_DEBUG_INFO = YES;
				ONLY_ACTIVE_ARCH = YES;
				SDKROOT = iphoneos;
				SWIFT_ACTIVE_COMPILATION_CONDITIONS = DEBUG;
				SWIFT_OPTIMIZATION_LEVEL = "-Onone";
				TARGETED_DEVICE_FAMILY = "1,2";
			};
			name = Debug;
		};
		1D9D76431E386FC80013AB5A /* Release */ = {
			isa = XCBuildConfiguration;
			buildSettings = {
				ALWAYS_SEARCH_USER_PATHS = NO;
				CLANG_ANALYZER_NONNULL = YES;
				CLANG_CXX_LANGUAGE_STANDARD = "gnu++0x";
				CLANG_CXX_LIBRARY = "libc++";
				CLANG_ENABLE_MODULES = YES;
				CLANG_ENABLE_OBJC_ARC = YES;
				CLANG_WARN_BOOL_CONVERSION = YES;
				CLANG_WARN_CONSTANT_CONVERSION = YES;
				CLANG_WARN_DIRECT_OBJC_ISA_USAGE = YES_ERROR;
				CLANG_WARN_DOCUMENTATION_COMMENTS = YES;
				CLANG_WARN_EMPTY_BODY = YES;
				CLANG_WARN_ENUM_CONVERSION = YES;
				CLANG_WARN_INFINITE_RECURSION = YES;
				CLANG_WARN_INT_CONVERSION = YES;
				CLANG_WARN_OBJC_ROOT_CLASS = YES_ERROR;
				CLANG_WARN_SUSPICIOUS_MOVE = YES;
				CLANG_WARN_UNREACHABLE_CODE = YES;
				CLANG_WARN__DUPLICATE_METHOD_MATCH = YES;
				"CODE_SIGN_IDENTITY[sdk=iphoneos*]" = "iPhone Developer";
				COPY_PHASE_STRIP = NO;
				DEBUG_INFORMATION_FORMAT = "dwarf-with-dsym";
				ENABLE_NS_ASSERTIONS = NO;
				ENABLE_STRICT_OBJC_MSGSEND = YES;
				GCC_C_LANGUAGE_STANDARD = gnu99;
				GCC_NO_COMMON_BLOCKS = YES;
				GCC_WARN_64_TO_32_BIT_CONVERSION = YES;
				GCC_WARN_ABOUT_RETURN_TYPE = YES_ERROR;
				GCC_WARN_UNDECLARED_SELECTOR = YES;
				GCC_WARN_UNINITIALIZED_AUTOS = YES_AGGRESSIVE;
				GCC_WARN_UNUSED_FUNCTION = YES;
				GCC_WARN_UNUSED_VARIABLE = YES;
				IPHONEOS_DEPLOYMENT_TARGET = 10.2;
				MTL_ENABLE_DEBUG_INFO = NO;
				SDKROOT = iphoneos;
				SWIFT_OPTIMIZATION_LEVEL = "-Owholemodule";
				TARGETED_DEVICE_FAMILY = "1,2";
				VALIDATE_PRODUCT = YES;
			};
			name = Release;
		};
		1D9D76451E386FC80013AB5A /* Debug */ = {
			isa = XCBuildConfiguration;
			buildSettings = {
				ASSETCATALOG_COMPILER_APPICON_NAME = AppIcon;
				DEVELOPMENT_TEAM = VXEFFCJU33;
				INFOPLIST_FILE = PartyRockApp/Info.plist;
				LD_RUNPATH_SEARCH_PATHS = "$(inherited) @executable_path/Frameworks";
				PRODUCT_BUNDLE_IDENTIFIER = "com.header-dev.PartyRockApp";
				PRODUCT_NAME = "$(TARGET_NAME)";
				SWIFT_VERSION = 3.0;
			};
			name = Debug;
		};
		1D9D76461E386FC80013AB5A /* Release */ = {
			isa = XCBuildConfiguration;
			buildSettings = {
				ASSETCATALOG_COMPILER_APPICON_NAME = AppIcon;
				DEVELOPMENT_TEAM = VXEFFCJU33;
				INFOPLIST_FILE = PartyRockApp/Info.plist;
				LD_RUNPATH_SEARCH_PATHS = "$(inherited) @executable_path/Frameworks";
				PRODUCT_BUNDLE_IDENTIFIER = "com.header-dev.PartyRockApp";
				PRODUCT_NAME = "$(TARGET_NAME)";
				SWIFT_VERSION = 3.0;
			};
			name = Release;
		};
/* End XCBuildConfiguration section */

/* Begin XCConfigurationList section */
		1D9D762D1E386FC70013AB5A /* Build configuration list for PBXProject "PartyRockApp" */ = {
			isa = XCConfigurationList;
			buildConfigurations = (
				1D9D76421E386FC80013AB5A /* Debug */,
				1D9D76431E386FC80013AB5A /* Release */,
			);
			defaultConfigurationIsVisible = 0;
			defaultConfigurationName = Release;
		};
		1D9D76441E386FC80013AB5A /* Build configuration list for PBXNativeTarget "PartyRockApp" */ = {
			isa = XCConfigurationList;
			buildConfigurations = (
				1D9D76451E386FC80013AB5A /* Debug */,
				1D9D76461E386FC80013AB5A /* Release */,
			);
			defaultConfigurationIsVisible = 0;
			defaultConfigurationName = Release;
		};
/* End XCConfigurationList section */
	};
	rootObject = 1D9D762A1E386FC70013AB5A /* Project object */;
}
